
Microsoft Visual Studio Solution File, Format Version 12.00
# Visual Studio Version 16
VisualStudioVersion = 16.0.31624.102
MinimumVisualStudioVersion = 10.0.40219.1
Project("{FAE04EC0-301F-11D3-BF4B-00C04F79EFBC}") = "FileIOOperation", "FileIOOperation\FileIOOperation.csproj", "{4C3AD69A-FEED-4B4D-B64F-1B42981BE96F}"
EndProject
Global
	GlobalSection(SolutionConfigurationPlatforms) = preSolution
		Debug|Any CPU = Debug|Any CPU
		Release|Any CPU = Release|Any CPU
	EndGlobalSection
	GlobalSection(ProjectConfigurationPlatforms) = postSolution
		{4C3AD69A-FEED-4B4D-B64F-1B42981BE96F}.Debug|Any CPU.ActiveCfg = Debug|Any CPU
		{4C3AD69A-FEED-4B4D-B64F-1B42981BE96F}.Debug|Any CPU.Build.0 = Debug|Any CPU
		{4C3AD69A-FEED-4B4D-B64F-1B42981BE96F}.Release|Any CPU.ActiveCfg = Release|Any CPU
		{4C3AD69A-FEED-4B4D-B64F-1B42981BE96F}.Release|Any CPU.Build.0 = Release|Any CPU
	EndGlobalSection
	GlobalSection(SolutionProperties) = preSolution
		HideSolutionNode = FALSE
	EndGlobalSection
	GlobalSection(ExtensibilityGlobals) = postSolution
		SolutionGuid = {5B99FBAD-1321-4BA2-94D3-11E9CEF83F44}
	EndGlobalSection
EndGlobal
